github.com/chrede88/qubt v1.1.0 h1:nltegAjkvZnsSnsT0D/UsDIiQxDRj1X5l1pdUL2QNEc=
github.com/chrede88/qubt v1.1.0/go.mod h1:Kr4QegXzzlR+195D+OuzDjfoTkN2cZP04ZmvLeDES+c=
github.com/chrede88/qubt v1.1.1/go.mod h1:Kr4QegXzzlR+195D+OuzDjfoTkN2cZP04ZmvLeDES+c=
github.com/chrede88/qubt v1.1.2/go.mod h1:LNKgH/KNBmQ7uR5qwKirELm6ApjPfer9tw+eEpjKgbA=
github.com/chrede88/qubt v1.2.0/go.mod h1:LNKgH/KNBmQ7uR5qwKirELm6ApjPfer9tw+eEpjKgbA=
github.com/chrede88/qubt v1.2.1/go.mod h1:LNKgH/KNBmQ7uR5qwKirELm6ApjPfer9tw+eEpjKgbA=
github.com/chrede88/qubt v1.2.2/go.mod h1:LNKgH/KNBmQ7uR5qwKirELm6ApjPfer9tw+eEpjKgbA=
github.com/chrede88/qubt v1.2.3/go.mod h1:LNKgH/KNBmQ7uR5qwKirELm6ApjPfer9tw+eEpjKgbA=
github.com/chrede88/qubt v1.2.4/go.mod h1:LNKgH/KNBmQ7uR5qwKirELm6ApjPfer9tw+eEpjKgbA=
github.com/chrede88/qubt v1.2.5 h1:eoz24u1byC3C6rYJcKcospjUY9KwmbRLs4Zx9aNkGgM=
github.com/chrede88/qubt v1.2.5/go.mod h1:h/fOqEMamJzVqwoguCa024jeQHesr0i9HC2vDUMJ6B8=
github.com/chrede88/qubt v1.2.6/go.mod h1:h/fOqEMamJzVqwoguCa024jeQHesr0i9HC2vDUMJ6B8=
github.com/chrede88/qubt v1.2.7/go.mod h1:D+P6y2ztynEgelFoxOAgsL/YWNXkc1shRs7cR7MeOrY=
github.com/chrede88/qubt v1.2.8/go.mod h1:tW9MLQwgX8QmbnAfTkImcl0opM//skLlgwjU08QiRpo=
github.com/chrede88/qubt v1.2.9/go.mod h1:5rVoQlcu2HIT7+/4xWFBX7nMQGgfqSabqGVZV5OZ9J0=
github.com/chrede88/qubt v1.2.10/go.mod h1:5rVoQlcu2HIT7+/4xWFBX7nMQGgfqSabqGVZV5OZ9J0=
github.com/chrede88/qubt v1.3.0/go.mod h1:5rVoQlcu2HIT7+/4xWFBX7nMQGgfqSabqGVZV5OZ9J0=
github.com/chrede88/qubt v1.3.1/go.mod h1:5rVoQlcu2HIT7+/4xWFBX7nMQGgfqSabqGVZV5OZ9J0=
github.com/chrede88/qubt v1.3.2/go.mod h1:5rVoQlcu2HIT7+/4xWFBX7nMQGgfqSabqGVZV5OZ9J0=
github.com/chrede88/qubt v1.4.0/go.mod h1:5rVoQlcu2HIT7+/4xWFBX7nMQGgfqSabqGVZV5OZ9J0=
github.com/chrede88/qubt v1.5.0/go.mod h1:5rVoQlcu2HIT7+/4xWFBX7nMQGgfqSabqGVZV5OZ9J0=
github.com/chrede88/qubt/v2 v2.0.0 h1:zEoudQzWET1d12M3SVSJ4wyzUaFAiNai4FealmPupLk=
github.com/chrede88/qubt/v2 v2.0.0/go.mod h1:UPYy703sTbPLp7/1BoDPiNZ/a64/zgRBfM2uVlhuswQ=
github.com/chrede88/qubt/v2 v2.0.1/go.mod h1:UPYy703sTbPLp7/1BoDPiNZ/a64/zgRBfM2uVlhuswQ=
github.com/chrede88/qubt/v2 v2.1.0/go.mod h1:jXy2xsoEIjeslLLyIxyhQOxtPOXETQGpbPtAEmp5r9s=
